
Microsoft Visual Studio Solution File, Format Version 12.00
# Visual Studio Version 17
VisualStudioVersion = 17.2.32630.192
MinimumVisualStudioVersion = 10.0.40219.1
Project("{9A19103F-16F7-4668-BE54-9A1E7A4F7556}") = "KonusarakOgren.API", "KonusarakOgren.API\KonusarakOgren.API.csproj", "{4E58D994-2C49-4E2B-A67A-DDD32DBE4746}"
EndProject
Project("{9A19103F-16F7-4668-BE54-9A1E7A4F7556}") = "KonusarakOgren.Core", "KonusarakOgren.Core\KonusarakOgren.Core.csproj", "{DB0C7302-94CD-4709-A2F4-374B7EF50AC4}"
EndProject
Project("{9A19103F-16F7-4668-BE54-9A1E7A4F7556}") = "KonusarakOgren.Repository", "KonusarakOgren.Repository\KonusarakOgren.Repository.csproj", "{D2D508B5-C4D0-45E5-9051-45F8127935E8}"
EndProject
Project("{9A19103F-16F7-4668-BE54-9A1E7A4F7556}") = "KonusarakOgren.Service", "KonusarakOgren.Service\KonusarakOgren.Service.csproj", "{B8E53428-08C1-401E-8C33-84B9E0171D6F}"
EndProject
Project("{9A19103F-16F7-4668-BE54-9A1E7A4F7556}") = "KonusarakOgren.WepApp", "KonusarakOgren.WepApp\KonusarakOgren.WepApp.csproj", "{C245EEF5-F716-4DD6-8A55-C8B0FBD9471E}"
EndProject
Global
	GlobalSection(SolutionConfigurationPlatforms) = preSolution
		Debug|Any CPU = Debug|Any CPU
		Release|Any CPU = Release|Any CPU
	EndGlobalSection
	GlobalSection(ProjectConfigurationPlatforms) = postSolution
		{4E58D994-2C49-4E2B-A67A-DDD32DBE4746}.Debug|Any CPU.ActiveCfg = Debug|Any CPU
		{4E58D994-2C49-4E2B-A67A-DDD32DBE4746}.Debug|Any CPU.Build.0 = Debug|Any CPU
		{4E58D994-2C49-4E2B-A67A-DDD32DBE4746}.Release|Any CPU.ActiveCfg = Release|Any CPU
		{4E58D994-2C49-4E2B-A67A-DDD32DBE4746}.Release|Any CPU.Build.0 = Release|Any CPU
		{DB0C7302-94CD-4709-A2F4-374B7EF50AC4}.Debug|Any CPU.ActiveCfg = Debug|Any CPU
		{DB0C7302-94CD-4709-A2F4-374B7EF50AC4}.Debug|Any CPU.Build.0 = Debug|Any CPU
		{DB0C7302-94CD-4709-A2F4-374B7EF50AC4}.Release|Any CPU.ActiveCfg = Release|Any CPU
		{DB0C7302-94CD-4709-A2F4-374B7EF50AC4}.Release|Any CPU.Build.0 = Release|Any CPU
		{D2D508B5-C4D0-45E5-9051-45F8127935E8}.Debug|Any CPU.ActiveCfg = Debug|Any CPU
		{D2D508B5-C4D0-45E5-9051-45F8127935E8}.Debug|Any CPU.Build.0 = Debug|Any CPU
		{D2D508B5-C4D0-45E5-9051-45F8127935E8}.Release|Any CPU.ActiveCfg = Release|Any CPU
		{D2D508B5-C4D0-45E5-9051-45F8127935E8}.Release|Any CPU.Build.0 = Release|Any CPU
		{B8E53428-08C1-401E-8C33-84B9E0171D6F}.Debug|Any CPU.ActiveCfg = Debug|Any CPU
		{B8E53428-08C1-401E-8C33-84B9E0171D6F}.Debug|Any CPU.Build.0 = Debug|Any CPU
		{B8E53428-08C1-401E-8C33-84B9E0171D6F}.Release|Any CPU.ActiveCfg = Release|Any CPU
		{B8E53428-08C1-401E-8C33-84B9E0171D6F}.Release|Any CPU.Build.0 = Release|Any CPU
		{C245EEF5-F716-4DD6-8A55-C8B0FBD9471E}.Debug|Any CPU.ActiveCfg = Debug|Any CPU
		{C245EEF5-F716-4DD6-8A55-C8B0FBD9471E}.Debug|Any CPU.Build.0 = Debug|Any CPU
		{C245EEF5-F716-4DD6-8A55-C8B0FBD9471E}.Release|Any CPU.ActiveCfg = Release|Any CPU
		{C245EEF5-F716-4DD6-8A55-C8B0FBD9471E}.Release|Any CPU.Build.0 = Release|Any CPU
	EndGlobalSection
	GlobalSection(SolutionProperties) = preSolution
		HideSolutionNode = FALSE
	EndGlobalSection
	GlobalSection(ExtensibilityGlobals) = postSolution
		SolutionGuid = {E1F39AD2-E782-4C3B-B12E-17BF769F8CEC}
	EndGlobalSection
EndGlobal
